
Microsoft Visual Studio Solution File, Format Version 12.00
# Visual Studio Version 17
VisualStudioVersion = 17.2.32602.215
MinimumVisualStudioVersion = 10.0.40219.1
Project("{9A19103F-16F7-4668-BE54-9A1E7A4F7556}") = "JWTAPI", "JWTAPI.csproj", "{1D453E13-A5F5-4379-BE76-AF8D84E934A4}"
EndProject
Global
	GlobalSection(SolutionConfigurationPlatforms) = preSolution
		Debug|Any CPU = Debug|Any CPU
		Release|Any CPU = Release|Any CPU
	EndGlobalSection
	GlobalSection(ProjectConfigurationPlatforms) = postSolution
		{1D453E13-A5F5-4379-BE76-AF8D84E934A4}.Debug|Any CPU.ActiveCfg = Debug|Any CPU
		{1D453E13-A5F5-4379-BE76-AF8D84E934A4}.Debug|Any CPU.Build.0 = Debug|Any CPU
		{1D453E13-A5F5-4379-BE76-AF8D84E934A4}.Release|Any CPU.ActiveCfg = Release|Any CPU
		{1D453E13-A5F5-4379-BE76-AF8D84E934A4}.Release|Any CPU.Build.0 = Release|Any CPU
	EndGlobalSection
	GlobalSection(SolutionProperties) = preSolution
		HideSolutionNode = FALSE
	EndGlobalSection
	GlobalSection(ExtensibilityGlobals) = postSolution
		SolutionGuid = {5985A106-8CE1-4C0C-B55C-67D6AD3FCA33}
	EndGlobalSection
EndGlobal
