
Microsoft Visual Studio Solution File, Format Version 12.00
# Visual Studio Version 17
VisualStudioVersion = 17.2.32602.215
MinimumVisualStudioVersion = 10.0.40219.1
Project("{FAE04EC0-301F-11D3-BF4B-00C04F79EFBC}") = "OwnerPermissions", "OwnerPermissions\OwnerPermissions.csproj", "{69C3990F-22CC-4BBF-A184-EAE475F3F5D5}"
EndProject
Global
	GlobalSection(SolutionConfigurationPlatforms) = preSolution
		Debug|Any CPU = Debug|Any CPU
		Release|Any CPU = Release|Any CPU
	EndGlobalSection
	GlobalSection(ProjectConfigurationPlatforms) = postSolution
		{69C3990F-22CC-4BBF-A184-EAE475F3F5D5}.Debug|Any CPU.ActiveCfg = Debug|Any CPU
		{69C3990F-22CC-4BBF-A184-EAE475F3F5D5}.Debug|Any CPU.Build.0 = Debug|Any CPU
		{69C3990F-22CC-4BBF-A184-EAE475F3F5D5}.Release|Any CPU.ActiveCfg = Release|Any CPU
		{69C3990F-22CC-4BBF-A184-EAE475F3F5D5}.Release|Any CPU.Build.0 = Release|Any CPU
	EndGlobalSection
	GlobalSection(SolutionProperties) = preSolution
		HideSolutionNode = FALSE
	EndGlobalSection
	GlobalSection(ExtensibilityGlobals) = postSolution
		SolutionGuid = {54503CD2-DA76-4801-8495-EA512E088068}
	EndGlobalSection
EndGlobal
